
Microsoft Visual Studio Solution File, Format Version 12.00
# Visual Studio 14
VisualStudioVersion = 14.0.24720.0
MinimumVisualStudioVersion = 10.0.40219.1
Project("{FAE04EC0-301F-11D3-BF4B-00C04F79EFBC}") = "LogentriesCore", "src\LogentriesCore\LogentriesCore.csproj", "{90D6E9FC-7B88-4E1B-B018-8FA742274558}"
EndProject
Project("{FAE04EC0-301F-11D3-BF4B-00C04F79EFBC}") = "LogentriesLog4net", "src\LogentriesLog4net\LogentriesLog4net.csproj", "{CF8A9166-3B7D-4D4C-82CB-6C98C68DB110}"
EndProject
Project("{FAE04EC0-301F-11D3-BF4B-00C04F79EFBC}") = "LogentriesNLog", "src\LogentriesNLog\LogentriesNLog.csproj", "{9DC31DE3-79FF-47A8-96B4-6BA18F6BB1CB}"
EndProject
Global
	GlobalSection(SolutionConfigurationPlatforms) = preSolution
		Debug|Any CPU = Debug|Any CPU
		Release|Any CPU = Release|Any CPU
	EndGlobalSection
	GlobalSection(ProjectConfigurationPlatforms) = postSolution
		{90D6E9FC-7B88-4E1B-B018-8FA742274558}.Debug|Any CPU.ActiveCfg = Debug|Any CPU
		{90D6E9FC-7B88-4E1B-B018-8FA742274558}.Debug|Any CPU.Build.0 = Debug|Any CPU
		{90D6E9FC-7B88-4E1B-B018-8FA742274558}.Release|Any CPU.ActiveCfg = Release|Any CPU
		{90D6E9FC-7B88-4E1B-B018-8FA742274558}.Release|Any CPU.Build.0 = Release|Any CPU
		{CF8A9166-3B7D-4D4C-82CB-6C98C68DB110}.Debug|Any CPU.ActiveCfg = Debug|Any CPU
		{CF8A9166-3B7D-4D4C-82CB-6C98C68DB110}.Debug|Any CPU.Build.0 = Debug|Any CPU
		{CF8A9166-3B7D-4D4C-82CB-6C98C68DB110}.Release|Any CPU.ActiveCfg = Release|Any CPU
		{CF8A9166-3B7D-4D4C-82CB-6C98C68DB110}.Release|Any CPU.Build.0 = Release|Any CPU
		{9DC31DE3-79FF-47A8-96B4-6BA18F6BB1CB}.Debug|Any CPU.ActiveCfg = Debug|Any CPU
		{9DC31DE3-79FF-47A8-96B4-6BA18F6BB1CB}.Debug|Any CPU.Build.0 = Debug|Any CPU
		{9DC31DE3-79FF-47A8-96B4-6BA18F6BB1CB}.Release|Any CPU.ActiveCfg = Release|Any CPU
		{9DC31DE3-79FF-47A8-96B4-6BA18F6BB1CB}.Release|Any CPU.Build.0 = Release|Any CPU
	EndGlobalSection
	GlobalSection(SolutionProperties) = preSolution
		HideSolutionNode = FALSE
	EndGlobalSection
EndGlobal
